// !$*UTF8*$!
{
	archiveVersion = 1;
	classes = {
	};
	objectVersion = 50;
	objects = {

/* Begin PBXBuildFile section */
		F85F75D8218162F30042B10C /* JTMLyricDetailViewController.m in Sources */ = {isa = PBXBuildFile; fileRef = F85F75D7218162F30042B10C /* JTMLyricDetailViewController.m */; };
		F85F75DB2181638A0042B10C /* JTMLyricController.m in Sources */ = {isa = PBXBuildFile; fileRef = F85F75DA2181638A0042B10C /* JTMLyricController.m */; };
		F85F75DE21816C6D0042B10C /* JTMLyricListTableViewController.m in Sources */ = {isa = PBXBuildFile; fileRef = F85F75DD21816C6D0042B10C /* JTMLyricListTableViewController.m */; };
		F8D3047621801B6F009E4044 /* AppDelegate.m in Sources */ = {isa = PBXBuildFile; fileRef = F8D3047521801B6F009E4044 /* AppDelegate.m */; };
		F8D3047C21801B70009E4044 /* Main.storyboard in Resources */ = {isa = PBXBuildFile; fileRef = F8D3047A21801B70009E4044 /* Main.storyboard */; };
		F8D3047E21801B70009E4044 /* Assets.xcassets in Resources */ = {isa = PBXBuildFile; fileRef = F8D3047D21801B70009E4044 /* Assets.xcassets */; };
		F8D3048121801B70009E4044 /* LaunchScreen.storyboard in Resources */ = {isa = PBXBuildFile; fileRef = F8D3047F21801B70009E4044 /* LaunchScreen.storyboard */; };
		F8D3048421801B70009E4044 /* main.m in Sources */ = {isa = PBXBuildFile; fileRef = F8D3048321801B70009E4044 /* main.m */; };
		F8D3048C21801C5C009E4044 /* JTMSong.m in Sources */ = {isa = PBXBuildFile; fileRef = F8D3048B21801C5C009E4044 /* JTMSong.m */; };
		F8D3049221801F14009E4044 /* JTMSong+NSJSONSerialization.m in Sources */ = {isa = PBXBuildFile; fileRef = F8D3049121801F14009E4044 /* JTMSong+NSJSONSerialization.m */; };
/* End PBXBuildFile section */

/* Begin PBXFileReference section */
		F85F75D6218162F30042B10C /* JTMLyricDetailViewController.h */ = {isa = PBXFileReference; lastKnownFileType = sourcecode.c.h; path = JTMLyricDetailViewController.h; sourceTree = "<group>"; };
		F85F75D7218162F30042B10C /* JTMLyricDetailViewController.m */ = {isa = PBXFileReference; lastKnownFileType = sourcecode.c.objc; path = JTMLyricDetailViewController.m; sourceTree = "<group>"; };
		F85F75D92181638A0042B10C /* JTMLyricController.h */ = {isa = PBXFileReference; lastKnownFileType = sourcecode.c.h; path = JTMLyricController.h; sourceTree = "<group>"; };
		F85F75DA2181638A0042B10C /* JTMLyricController.m */ = {isa = PBXFileReference; lastKnownFileType = sourcecode.c.objc; path = JTMLyricController.m; sourceTree = "<group>"; };
		F85F75DC21816C6D0042B10C /* JTMLyricListTableViewController.h */ = {isa = PBXFileReference; lastKnownFileType = sourcecode.c.h; path = JTMLyricListTableViewController.h; sourceTree = "<group>"; };
		F85F75DD21816C6D0042B10C /* JTMLyricListTableViewController.m */ = {isa = PBXFileReference; lastKnownFileType = sourcecode.c.objc; path = JTMLyricListTableViewController.m; sourceTree = "<group>"; };
		F8D3047121801B6F009E4044 /* LyricFinder.app */ = {isa = PBXFileReference; explicitFileType = wrapper.application; includeInIndex = 0; path = LyricFinder.app; sourceTree = BUILT_PRODUCTS_DIR; };
		F8D3047421801B6F009E4044 /* AppDelegate.h */ = {isa = PBXFileReference; lastKnownFileType = sourcecode.c.h; path = AppDelegate.h; sourceTree = "<group>"; };
		F8D3047521801B6F009E4044 /* AppDelegate.m */ = {isa = PBXFileReference; lastKnownFileType = sourcecode.c.objc; path = AppDelegate.m; sourceTree = "<group>"; };
		F8D3047B21801B70009E4044 /* Base */ = {isa = PBXFileReference; lastKnownFileType = file.storyboard; name = Base; path = Base.lproj/Main.storyboard; sourceTree = "<group>"; };
		F8D3047D21801B70009E4044 /* Assets.xcassets */ = {isa = PBXFileReference; lastKnownFileType = folder.assetcatalog; path = Assets.xcassets; sourceTree = "<group>"; };
		F8D3048021801B70009E4044 /* Base */ = {isa = PBXFileReference; lastKnownFileType = file.storyboard; name = Base; path = Base.lproj/LaunchScreen.storyboard; sourceTree = "<group>"; };
		F8D3048221801B70009E4044 /* Info.plist */ = {isa = PBXFileReference; lastKnownFileType = text.plist.xml; path = Info.plist; sourceTree = "<group>"; };
		F8D3048321801B70009E4044 /* main.m */ = {isa = PBXFileReference; lastKnownFileType = sourcecode.c.objc; path = main.m; sourceTree = "<group>"; };
		F8D3048A21801C5C009E4044 /* JTMSong.h */ = {isa = PBXFileReference; lastKnownFileType = sourcecode.c.h; path = JTMSong.h; sourceTree = "<group>"; };
		F8D3048B21801C5C009E4044 /* JTMSong.m */ = {isa = PBXFileReference; lastKnownFileType = sourcecode.c.objc; path = JTMSong.m; sourceTree = "<group>"; };
		F8D3049021801F14009E4044 /* JTMSong+NSJSONSerialization.h */ = {isa = PBXFileReference; lastKnownFileType = sourcecode.c.h; path = "JTMSong+NSJSONSerialization.h"; sourceTree = "<group>"; };
		F8D3049121801F14009E4044 /* JTMSong+NSJSONSerialization.m */ = {isa = PBXFileReference; lastKnownFileType = sourcecode.c.objc; path = "JTMSong+NSJSONSerialization.m"; sourceTree = "<group>"; };
/* End PBXFileReference section */

/* Begin PBXFrameworksBuildPhase section */
		F8D3046E21801B6F009E4044 /* Frameworks */ = {
			isa = PBXFrameworksBuildPhase;
			buildActionMask = 2147483647;
			files = (
			);
			runOnlyForDeploymentPostprocessing = 0;
		};
/* End PBXFrameworksBuildPhase section */

/* Begin PBXGroup section */
		F85F75DF218184DB0042B10C /* Model */ = {
			isa = PBXGroup;
			children = (
				F8D3048A21801C5C009E4044 /* JTMSong.h */,
				F8D3048B21801C5C009E4044 /* JTMSong.m */,
				F8D3049021801F14009E4044 /* JTMSong+NSJSONSerialization.h */,
				F8D3049121801F14009E4044 /* JTMSong+NSJSONSerialization.m */,
			);
			path = Model;
			sourceTree = "<group>";
		};
		F85F75E0218184F20042B10C /* View Controllers */ = {
			isa = PBXGroup;
			children = (
				F85F75DC21816C6D0042B10C /* JTMLyricListTableViewController.h */,
				F85F75DD21816C6D0042B10C /* JTMLyricListTableViewController.m */,
				F85F75D6218162F30042B10C /* JTMLyricDetailViewController.h */,
				F85F75D7218162F30042B10C /* JTMLyricDetailViewController.m */,
			);
			path = "View Controllers";
			sourceTree = "<group>";
		};
		F85F75E1218184FD0042B10C /* Model Controller */ = {
			isa = PBXGroup;
			children = (
				F85F75D92181638A0042B10C /* JTMLyricController.h */,
				F85F75DA2181638A0042B10C /* JTMLyricController.m */,
			);
			path = "Model Controller";
			sourceTree = "<group>";
		};
		F8D3046821801B6F009E4044 = {
			isa = PBXGroup;
			children = (
				F8D3047321801B6F009E4044 /* LyricFinder */,
				F8D3047221801B6F009E4044 /* Products */,
			);
			sourceTree = "<group>";
		};
		F8D3047221801B6F009E4044 /* Products */ = {
			isa = PBXGroup;
			children = (
				F8D3047121801B6F009E4044 /* LyricFinder.app */,
			);
			name = Products;
			sourceTree = "<group>";
		};
		F8D3047321801B6F009E4044 /* LyricFinder */ = {
			isa = PBXGroup;
			children = (
				F85F75DF218184DB0042B10C /* Model */,
				F85F75E1218184FD0042B10C /* Model Controller */,
				F85F75E0218184F20042B10C /* View Controllers */,
				F8D3047421801B6F009E4044 /* AppDelegate.h */,
				F8D3047521801B6F009E4044 /* AppDelegate.m */,
				F8D3047A21801B70009E4044 /* Main.storyboard */,
				F8D3047D21801B70009E4044 /* Assets.xcassets */,
				F8D3047F21801B70009E4044 /* LaunchScreen.storyboard */,
				F8D3048221801B70009E4044 /* Info.plist */,
				F8D3048321801B70009E4044 /* main.m */,
			);
			path = LyricFinder;
			sourceTree = "<group>";
		};
/* End PBXGroup section */

/* Begin PBXNativeTarget section */
		F8D3047021801B6F009E4044 /* LyricFinder */ = {
			isa = PBXNativeTarget;
			buildConfigurationList = F8D3048721801B70009E4044 /* Build configuration list for PBXNativeTarget "LyricFinder" */;
			buildPhases = (
				F8D3046D21801B6F009E4044 /* Sources */,
				F8D3046E21801B6F009E4044 /* Frameworks */,
				F8D3046F21801B6F009E4044 /* Resources */,
			);
			buildRules = (
			);
			dependencies = (
			);
			name = LyricFinder;
			productName = LyricFinder;
			productReference = F8D3047121801B6F009E4044 /* LyricFinder.app */;
			productType = "com.apple.product-type.application";
		};
/* End PBXNativeTarget section */

/* Begin PBXProject section */
		F8D3046921801B6F009E4044 /* Project object */ = {
			isa = PBXProject;
			attributes = {
				CLASSPREFIX = JTM;
				LastUpgradeCheck = 1000;
				ORGANIZATIONNAME = "Jonathan T. Miles";
				TargetAttributes = {
					F8D3047021801B6F009E4044 = {
						CreatedOnToolsVersion = 10.0;
					};
				};
			};
			buildConfigurationList = F8D3046C21801B6F009E4044 /* Build configuration list for PBXProject "LyricFinder" */;
			compatibilityVersion = "Xcode 9.3";
			developmentRegion = en;
			hasScannedForEncodings = 0;
			knownRegions = (
				en,
				Base,
			);
			mainGroup = F8D3046821801B6F009E4044;
			productRefGroup = F8D3047221801B6F009E4044 /* Products */;
			projectDirPath = "";
			projectRoot = "";
			targets = (
				F8D3047021801B6F009E4044 /* LyricFinder */,
			);
		};
/* End PBXProject section */

/* Begin PBXResourcesBuildPhase section */
		F8D3046F21801B6F009E4044 /* Resources */ = {
			isa = PBXResourcesBuildPhase;
			buildActionMask = 2147483647;
			files = (
				F8D3048121801B70009E4044 /* LaunchScreen.storyboard in Resources */,
				F8D3047E21801B70009E4044 /* Assets.xcassets in Resources */,
				F8D3047C21801B70009E4044 /* Main.storyboard in Resources */,
			);
			runOnlyForDeploymentPostprocessing = 0;
		};
/* End PBXResourcesBuildPhase section */

/* Begin PBXSourcesBuildPhase section */
		F8D3046D21801B6F009E4044 /* Sources */ = {
			isa = PBXSourcesBuildPhase;
			buildActionMask = 2147483647;
			files = (
				F8D3048C21801C5C009E4044 /* JTMSong.m in Sources */,
				F8D3048421801B70009E4044 /* main.m in Sources */,
				F85F75DE21816C6D0042B10C /* JTMLyricListTableViewController.m in Sources */,
				F8D3047621801B6F009E4044 /* AppDelegate.m in Sources */,
				F85F75DB2181638A0042B10C /* JTMLyricController.m in Sources */,
				F85F75D8218162F30042B10C /* JTMLyricDetailViewController.m in Sources */,
				F8D3049221801F14009E4044 /* JTMSong+NSJSONSerialization.m in Sources */,
			);
			runOnlyForDeploymentPostprocessing = 0;
		};
/* End PBXSourcesBuildPhase section */

/* Begin PBXVariantGroup section */
		F8D3047A21801B70009E4044 /* Main.storyboard */ = {
			isa = PBXVariantGroup;
			children = (
				F8D3047B21801B70009E4044 /* Base */,
			);
			name = Main.storyboard;
			sourceTree = "<group>";
		};
		F8D3047F21801B70009E4044 /* LaunchScreen.storyboard */ = {
			isa = PBXVariantGroup;
			children = (
				F8D3048021801B70009E4044 /* Base */,
			);
			name = LaunchScreen.storyboard;
			sourceTree = "<group>";
		};
/* End PBXVariantGroup section */

/* Begin XCBuildConfiguration section */
		F8D3048521801B70009E4044 /* Debug */ = {
			isa = XCBuildConfiguration;
			buildSettings = {
				ALWAYS_SEARCH_USER_PATHS = NO;
				CLANG_ANALYZER_NONNULL = YES;
				CLANG_ANALYZER_NUMBER_OBJECT_CONVERSION = YES_AGGRESSIVE;
				CLANG_CXX_LANGUAGE_STANDARD = "gnu++14";
				CLANG_CXX_LIBRARY = "libc++";
				CLANG_ENABLE_MODULES = YES;
				CLANG_ENABLE_OBJC_ARC = YES;
				CLANG_ENABLE_OBJC_WEAK = YES;
				CLANG_WARN_BLOCK_CAPTURE_AUTORELEASING = YES;
				CLANG_WARN_BOOL_CONVERSION = YES;
				CLANG_WARN_COMMA = YES;
				CLANG_WARN_CONSTANT_CONVERSION = YES;
				CLANG_WARN_DEPRECATED_OBJC_IMPLEMENTATIONS = YES;
				CLANG_WARN_DIRECT_OBJC_ISA_USAGE = YES_ERROR;
				CLANG_WARN_DOCUMENTATION_COMMENTS = YES;
				CLANG_WARN_EMPTY_BODY = YES;
				CLANG_WARN_ENUM_CONVERSION = YES;
				CLANG_WARN_INFINITE_RECURSION = YES;
				CLANG_WARN_INT_CONVERSION = YES;
				CLANG_WARN_NON_LITERAL_NULL_CONVERSION = YES;
				CLANG_WARN_OBJC_IMPLICIT_RETAIN_SELF = YES;
				CLANG_WARN_OBJC_LITERAL_CONVERSION = YES;
				CLANG_WARN_OBJC_ROOT_CLASS = YES_ERROR;
				CLANG_WARN_RANGE_LOOP_ANALYSIS = YES;
				CLANG_WARN_STRICT_PROTOTYPES = YES;
				CLANG_WARN_SUSPICIOUS_MOVE = YES;
				CLANG_WARN_UNGUARDED_AVAILABILITY = YES_AGGRESSIVE;
				CLANG_WARN_UNREACHABLE_CODE = YES;
				CLANG_WARN__DUPLICATE_METHOD_MATCH = YES;
				CODE_SIGN_IDENTITY = "iPhone Developer";
				COPY_PHASE_STRIP = NO;
				DEBUG_INFORMATION_FORMAT = dwarf;
				ENABLE_STRICT_OBJC_MSGSEND = YES;
				ENABLE_TESTABILITY = YES;
				GCC_C_LANGUAGE_STANDARD = gnu11;
				GCC_DYNAMIC_NO_PIC = NO;
				GCC_NO_COMMON_BLOCKS = YES;
				GCC_OPTIMIZATION_LEVEL = 0;
				GCC_PREPROCESSOR_DEFINITIONS = (
					"DEBUG=1",
					"$(inherited)",
				);
				GCC_WARN_64_TO_32_BIT_CONVERSION = YES;
				GCC_WARN_ABOUT_RETURN_TYPE = YES_ERROR;
				GCC_WARN_UNDECLARED_SELECTOR = YES;
				GCC_WARN_UNINITIALIZED_AUTOS = YES_AGGRESSIVE;
				GCC_WARN_UNUSED_FUNCTION = YES;
				GCC_WARN_UNUSED_VARIABLE = YES;
				IPHONEOS_DEPLOYMENT_TARGET = 12.0;
				MTL_ENABLE_DEBUG_INFO = INCLUDE_SOURCE;
				MTL_FAST_MATH = YES;
				ONLY_ACTIVE_ARCH = YES;
				SDKROOT = iphoneos;
			};
			name = Debug;
		};
		F8D3048621801B70009E4044 /* Release */ = {
			isa = XCBuildConfiguration;
			buildSettings = {
				ALWAYS_SEARCH_USER_PATHS = NO;
				CLANG_ANALYZER_NONNULL = YES;
				CLANG_ANALYZER_NUMBER_OBJECT_CONVERSION = YES_AGGRESSIVE;
				CLANG_CXX_LANGUAGE_STANDARD = "gnu++14";
				CLANG_CXX_LIBRARY = "libc++";
				CLANG_ENABLE_MODULES = YES;
				CLANG_ENABLE_OBJC_ARC = YES;
				CLANG_ENABLE_OBJC_WEAK = YES;
				CLANG_WARN_BLOCK_CAPTURE_AUTORELEASING = YES;
				CLANG_WARN_BOOL_CONVERSION = YES;
				CLANG_WARN_COMMA = YES;
				CLANG_WARN_CONSTANT_CONVERSION = YES;
				CLANG_WARN_DEPRECATED_OBJC_IMPLEMENTATIONS = YES;
				CLANG_WARN_DIRECT_OBJC_ISA_USAGE = YES_ERROR;
				CLANG_WARN_DOCUMENTATION_COMMENTS = YES;
				CLANG_WARN_EMPTY_BODY = YES;
				CLANG_WARN_ENUM_CONVERSION = YES;
				CLANG_WARN_INFINITE_RECURSION = YES;
				CLANG_WARN_INT_CONVERSION = YES;
				CLANG_WARN_NON_LITERAL_NULL_CONVERSION = YES;
				CLANG_WARN_OBJC_IMPLICIT_RETAIN_SELF = YES;
				CLANG_WARN_OBJC_LITERAL_CONVERSION = YES;
				CLANG_WARN_OBJC_ROOT_CLASS = YES_ERROR;
				CLANG_WARN_RANGE_LOOP_ANALYSIS = YES;
				CLANG_WARN_STRICT_PROTOTYPES = YES;
				CLANG_WARN_SUSPICIOUS_MOVE = YES;
				CLANG_WARN_UNGUARDED_AVAILABILITY = YES_AGGRESSIVE;
				CLANG_WARN_UNREACHABLE_CODE = YES;
				CLANG_WARN__DUPLICATE_METHOD_MATCH = YES;
				CODE_SIGN_IDENTITY = "iPhone Developer";
				COPY_PHASE_STRIP = NO;
				DEBUG_INFORMATION_FORMAT = "dwarf-with-dsym";
				ENABLE_NS_ASSERTIONS = NO;
				ENABLE_STRICT_OBJC_MSGSEND = YES;
				GCC_C_LANGUAGE_STANDARD = gnu11;
				GCC_NO_COMMON_BLOCKS = YES;
				GCC_WARN_64_TO_32_BIT_CONVERSION = YES;
				GCC_WARN_ABOUT_RETURN_TYPE = YES_ERROR;
				GCC_WARN_UNDECLARED_SELECTOR = YES;
				GCC_WARN_UNINITIALIZED_AUTOS = YES_AGGRESSIVE;
				GCC_WARN_UNUSED_FUNCTION = YES;
				GCC_WARN_UNUSED_VARIABLE = YES;
				IPHONEOS_DEPLOYMENT_TARGET = 12.0;
				MTL_ENABLE_DEBUG_INFO = NO;
				MTL_FAST_MATH = YES;
				SDKROOT = iphoneos;
				VALIDATE_PRODUCT = YES;
			};
			name = Release;
		};
		F8D3048821801B70009E4044 /* Debug */ = {
			isa = XCBuildConfiguration;
			buildSettings = {
				ASSETCATALOG_COMPILER_APPICON_NAME = AppIcon;
				CODE_SIGN_STYLE = Automatic;
				DEVELOPMENT_TEAM = 8J9VUCBX92;
				INFOPLIST_FILE = LyricFinder/Info.plist;
				LD_RUNPATH_SEARCH_PATHS = (
					"$(inherited)",
					"@executable_path/Frameworks",
				);
				PRODUCT_BUNDLE_IDENTIFIER = com.jonathantmiles.LyricFinder;
				PRODUCT_NAME = "$(TARGET_NAME)";
				TARGETED_DEVICE_FAMILY = "1,2";
			};
			name = Debug;
		};
		F8D3048921801B70009E4044 /* Release */ = {
			isa = XCBuildConfiguration;
			buildSettings = {
				ASSETCATALOG_COMPILER_APPICON_NAME = AppIcon;
				CODE_SIGN_STYLE = Automatic;
				DEVELOPMENT_TEAM = 8J9VUCBX92;
				INFOPLIST_FILE = LyricFinder/Info.plist;
				LD_RUNPATH_SEARCH_PATHS = (
					"$(inherited)",
					"@executable_path/Frameworks",
				);
				PRODUCT_BUNDLE_IDENTIFIER = com.jonathantmiles.LyricFinder;
				PRODUCT_NAME = "$(TARGET_NAME)";
				TARGETED_DEVICE_FAMILY = "1,2";
			};
			name = Release;
		};
/* End XCBuildConfiguration section */

/* Begin XCConfigurationList section */
		F8D3046C21801B6F009E4044 /* Build configuration list for PBXProject "LyricFinder" */ = {
			isa = XCConfigurationList;
			buildConfigurations = (
				F8D3048521801B70009E4044 /* Debug */,
				F8D3048621801B70009E4044 /* Release */,
			);
			defaultConfigurationIsVisible = 0;
			defaultConfigurationName = Release;
		};
		F8D3048721801B70009E4044 /* Build configuration list for PBXNativeTarget "LyricFinder" */ = {
			isa = XCConfigurationList;
			buildConfigurations = (
				F8D3048821801B70009E4044 /* Debug */,
				F8D3048921801B70009E4044 /* Release */,
			);
			defaultConfigurationIsVisible = 0;
			defaultConfigurationName = Release;
		};
/* End XCConfigurationList section */
	};
	rootObject = F8D3046921801B6F009E4044 /* Project object */;
}
